
Microsoft Visual Studio Solution File, Format Version 12.00
# Visual Studio Version 17
VisualStudioVersion = 17.5.33414.496
MinimumVisualStudioVersion = 10.0.40219.1
Project("{FAE04EC0-301F-11D3-BF4B-00C04F79EFBC}") = "LinkedList", "LinkedList.csproj", "{A45ACFA0-C2A3-4ECD-84A6-685CDBA5627D}"
EndProject
Global
	GlobalSection(SolutionConfigurationPlatforms) = preSolution
		Debug|Any CPU = Debug|Any CPU
		Release|Any CPU = Release|Any CPU
	EndGlobalSection
	GlobalSection(ProjectConfigurationPlatforms) = postSolution
		{A45ACFA0-C2A3-4ECD-84A6-685CDBA5627D}.Debug|Any CPU.ActiveCfg = Debug|Any CPU
		{A45ACFA0-C2A3-4ECD-84A6-685CDBA5627D}.Debug|Any CPU.Build.0 = Debug|Any CPU
		{A45ACFA0-C2A3-4ECD-84A6-685CDBA5627D}.Release|Any CPU.ActiveCfg = Release|Any CPU
		{A45ACFA0-C2A3-4ECD-84A6-685CDBA5627D}.Release|Any CPU.Build.0 = Release|Any CPU
	EndGlobalSection
	GlobalSection(SolutionProperties) = preSolution
		HideSolutionNode = FALSE
	EndGlobalSection
	GlobalSection(ExtensibilityGlobals) = postSolution
		SolutionGuid = {A49F92D7-90C9-440C-B332-E42A13E33EA2}
	EndGlobalSection
EndGlobal
